# THIS IS AN AUTOGENERATED FILE. DO NOT EDIT THIS FILE DIRECTLY.
# yarn lockfile v1


git-hooks@^1.1.10:
  version "1.1.10"
  resolved "https://registry.yarnpkg.com/git-hooks/-/git-hooks-1.1.10.tgz#c3113a8506593ac703bffc3bc77badbe8c9e1536"
  integrity sha512-23nto1qLsqJdY0daAUYqeKPyTvzefR2wZv1krgFRnPg0FxrmITCeWAIv/QfR+fAD7eZC7Rp5OSicJB4hDKyp1A==
